
Microsoft Visual Studio Solution File, Format Version 12.00
# Visual Studio Version 17
VisualStudioVersion = 17.13.35913.81 d17.13
MinimumVisualStudioVersion = 10.0.40219.1
Project("{FAE04EC0-301F-11D3-BF4B-00C04F79EFBC}") = "ItalyTourAgency", "ItalyTourAgency\ItalyTourAgency.csproj", "{E3116D5B-A686-4028-A6AC-6EE204E73550}"
EndProject
Global
	GlobalSection(SolutionConfigurationPlatforms) = preSolution
		Debug|Any CPU = Debug|Any CPU
		Release|Any CPU = Release|Any CPU
	EndGlobalSection
	GlobalSection(ProjectConfigurationPlatforms) = postSolution
		{E3116D5B-A686-4028-A6AC-6EE204E73550}.Debug|Any CPU.ActiveCfg = Debug|Any CPU
		{E3116D5B-A686-4028-A6AC-6EE204E73550}.Debug|Any CPU.Build.0 = Debug|Any CPU
		{E3116D5B-A686-4028-A6AC-6EE204E73550}.Release|Any CPU.ActiveCfg = Release|Any CPU
		{E3116D5B-A686-4028-A6AC-6EE204E73550}.Release|Any CPU.Build.0 = Release|Any CPU
	EndGlobalSection
	GlobalSection(SolutionProperties) = preSolution
		HideSolutionNode = FALSE
	EndGlobalSection
	GlobalSection(ExtensibilityGlobals) = postSolution
		SolutionGuid = {D5A7026A-189C-42B9-9286-765C47F5FC0C}
	EndGlobalSection
EndGlobal
